// !$*UTF8*$!
{
	archiveVersion = 1;
	classes = {
	};
	objectVersion = 46;
	objects = {

/* Begin PBXBuildFile section */
		31C2B41E1A67633000D88AC6 /* AppDelegate.swift in Sources */ = {isa = PBXBuildFile; fileRef = 31C2B41D1A67633000D88AC6 /* AppDelegate.swift */; };
		31C2B4211A67633000D88AC6 /* iOSgithub.xcdatamodeld in Sources */ = {isa = PBXBuildFile; fileRef = 31C2B41F1A67633000D88AC6 /* iOSgithub.xcdatamodeld */; };
		31C2B4231A67633000D88AC6 /* ViewController.swift in Sources */ = {isa = PBXBuildFile; fileRef = 31C2B4221A67633000D88AC6 /* ViewController.swift */; };
		31C2B4261A67633000D88AC6 /* Main.storyboard in Resources */ = {isa = PBXBuildFile; fileRef = 31C2B4241A67633000D88AC6 /* Main.storyboard */; };
		31C2B4281A67633000D88AC6 /* Images.xcassets in Resources */ = {isa = PBXBuildFile; fileRef = 31C2B4271A67633000D88AC6 /* Images.xcassets */; };
		31C2B42B1A67633000D88AC6 /* LaunchScreen.xib in Resources */ = {isa = PBXBuildFile; fileRef = 31C2B4291A67633000D88AC6 /* LaunchScreen.xib */; };
		31C2B4371A67633000D88AC6 /* iOSgithubTests.swift in Sources */ = {isa = PBXBuildFile; fileRef = 31C2B4361A67633000D88AC6 /* iOSgithubTests.swift */; };
/* End PBXBuildFile section */

/* Begin PBXContainerItemProxy section */
		31C2B4311A67633000D88AC6 /* PBXContainerItemProxy */ = {
			isa = PBXContainerItemProxy;
			containerPortal = 31C2B4101A67633000D88AC6 /* Project object */;
			proxyType = 1;
			remoteGlobalIDString = 31C2B4171A67633000D88AC6;
			remoteInfo = iOSgithub;
		};
/* End PBXContainerItemProxy section */

/* Begin PBXFileReference section */
		31C2B4181A67633000D88AC6 /* iOSgithub.app */ = {isa = PBXFileReference; explicitFileType = wrapper.application; includeInIndex = 0; path = iOSgithub.app; sourceTree = BUILT_PRODUCTS_DIR; };
		31C2B41C1A67633000D88AC6 /* Info.plist */ = {isa = PBXFileReference; lastKnownFileType = text.plist.xml; path = Info.plist; sourceTree = "<group>"; };
		31C2B41D1A67633000D88AC6 /* AppDelegate.swift */ = {isa = PBXFileReference; lastKnownFileType = sourcecode.swift; path = AppDelegate.swift; sourceTree = "<group>"; };
		31C2B4201A67633000D88AC6 /* iOSgithub.xcdatamodel */ = {isa = PBXFileReference; lastKnownFileType = wrapper.xcdatamodel; path = iOSgithub.xcdatamodel; sourceTree = "<group>"; };
		31C2B4221A67633000D88AC6 /* ViewController.swift */ = {isa = PBXFileReference; lastKnownFileType = sourcecode.swift; path = ViewController.swift; sourceTree = "<group>"; };
		31C2B4251A67633000D88AC6 /* Base */ = {isa = PBXFileReference; lastKnownFileType = file.storyboard; name = Base; path = Base.lproj/Main.storyboard; sourceTree = "<group>"; };
		31C2B4271A67633000D88AC6 /* Images.xcassets */ = {isa = PBXFileReference; lastKnownFileType = folder.assetcatalog; path = Images.xcassets; sourceTree = "<group>"; };
		31C2B42A1A67633000D88AC6 /* Base */ = {isa = PBXFileReference; lastKnownFileType = file.xib; name = Base; path = Base.lproj/LaunchScreen.xib; sourceTree = "<group>"; };
		31C2B4301A67633000D88AC6 /* iOSgithubTests.xctest */ = {isa = PBXFileReference; explicitFileType = wrapper.cfbundle; includeInIndex = 0; path = iOSgithubTests.xctest; sourceTree = BUILT_PRODUCTS_DIR; };
		31C2B4351A67633000D88AC6 /* Info.plist */ = {isa = PBXFileReference; lastKnownFileType = text.plist.xml; path = Info.plist; sourceTree = "<group>"; };
		31C2B4361A67633000D88AC6 /* iOSgithubTests.swift */ = {isa = PBXFileReference; lastKnownFileType = sourcecode.swift; path = iOSgithubTests.swift; sourceTree = "<group>"; };
/* End PBXFileReference section */

/* Begin PBXFrameworksBuildPhase section */
		31C2B4151A67633000D88AC6 /* Frameworks */ = {
			isa = PBXFrameworksBuildPhase;
			buildActionMask = 2147483647;
			files = (
			);
			runOnlyForDeploymentPostprocessing = 0;
		};
		31C2B42D1A67633000D88AC6 /* Frameworks */ = {
			isa = PBXFrameworksBuildPhase;
			buildActionMask = 2147483647;
			files = (
			);
			runOnlyForDeploymentPostprocessing = 0;
		};
/* End PBXFrameworksBuildPhase section */

/* Begin PBXGroup section */
		31C2B40F1A67633000D88AC6 = {
			isa = PBXGroup;
			children = (
				31C2B41A1A67633000D88AC6 /* iOSgithub */,
				31C2B4331A67633000D88AC6 /* iOSgithubTests */,
				31C2B4191A67633000D88AC6 /* Products */,
			);
			sourceTree = "<group>";
		};
		31C2B4191A67633000D88AC6 /* Products */ = {
			isa = PBXGroup;
			children = (
				31C2B4181A67633000D88AC6 /* iOSgithub.app */,
				31C2B4301A67633000D88AC6 /* iOSgithubTests.xctest */,
			);
			name = Products;
			sourceTree = "<group>";
		};
		31C2B41A1A67633000D88AC6 /* iOSgithub */ = {
			isa = PBXGroup;
			children = (
				31C2B41D1A67633000D88AC6 /* AppDelegate.swift */,
				31C2B4221A67633000D88AC6 /* ViewController.swift */,
				31C2B4241A67633000D88AC6 /* Main.storyboard */,
				31C2B4271A67633000D88AC6 /* Images.xcassets */,
				31C2B4291A67633000D88AC6 /* LaunchScreen.xib */,
				31C2B41F1A67633000D88AC6 /* iOSgithub.xcdatamodeld */,
				31C2B41B1A67633000D88AC6 /* Supporting Files */,
			);
			path = iOSgithub;
			sourceTree = "<group>";
		};
		31C2B41B1A67633000D88AC6 /* Supporting Files */ = {
			isa = PBXGroup;
			children = (
				31C2B41C1A67633000D88AC6 /* Info.plist */,
			);
			name = "Supporting Files";
			sourceTree = "<group>";
		};
		31C2B4331A67633000D88AC6 /* iOSgithubTests */ = {
			isa = PBXGroup;
			children = (
				31C2B4361A67633000D88AC6 /* iOSgithubTests.swift */,
				31C2B4341A67633000D88AC6 /* Supporting Files */,
			);
			path = iOSgithubTests;
			sourceTree = "<group>";
		};
		31C2B4341A67633000D88AC6 /* Supporting Files */ = {
			isa = PBXGroup;
			children = (
				31C2B4351A67633000D88AC6 /* Info.plist */,
			);
			name = "Supporting Files";
			sourceTree = "<group>";
		};
/* End PBXGroup section */

/* Begin PBXNativeTarget section */
		31C2B4171A67633000D88AC6 /* iOSgithub */ = {
			isa = PBXNativeTarget;
			buildConfigurationList = 31C2B43A1A67633000D88AC6 /* Build configuration list for PBXNativeTarget "iOSgithub" */;
			buildPhases = (
				31C2B4141A67633000D88AC6 /* Sources */,
				31C2B4151A67633000D88AC6 /* Frameworks */,
				31C2B4161A67633000D88AC6 /* Resources */,
			);
			buildRules = (
			);
			dependencies = (
			);
			name = iOSgithub;
			productName = iOSgithub;
			productReference = 31C2B4181A67633000D88AC6 /* iOSgithub.app */;
			productType = "com.apple.product-type.application";
		};
		31C2B42F1A67633000D88AC6 /* iOSgithubTests */ = {
			isa = PBXNativeTarget;
			buildConfigurationList = 31C2B43D1A67633000D88AC6 /* Build configuration list for PBXNativeTarget "iOSgithubTests" */;
			buildPhases = (
				31C2B42C1A67633000D88AC6 /* Sources */,
				31C2B42D1A67633000D88AC6 /* Frameworks */,
				31C2B42E1A67633000D88AC6 /* Resources */,
			);
			buildRules = (
			);
			dependencies = (
				31C2B4321A67633000D88AC6 /* PBXTargetDependency */,
			);
			name = iOSgithubTests;
			productName = iOSgithubTests;
			productReference = 31C2B4301A67633000D88AC6 /* iOSgithubTests.xctest */;
			productType = "com.apple.product-type.bundle.unit-test";
		};
/* End PBXNativeTarget section */

/* Begin PBXProject section */
		31C2B4101A67633000D88AC6 /* Project object */ = {
			isa = PBXProject;
			attributes = {
				LastUpgradeCheck = 0610;
				ORGANIZATIONNAME = AVDesigns;
				TargetAttributes = {
					31C2B4171A67633000D88AC6 = {
						CreatedOnToolsVersion = 6.1.1;
					};
					31C2B42F1A67633000D88AC6 = {
						CreatedOnToolsVersion = 6.1.1;
						TestTargetID = 31C2B4171A67633000D88AC6;
					};
				};
			};
			buildConfigurationList = 31C2B4131A67633000D88AC6 /* Build configuration list for PBXProject "iOSgithub" */;
			compatibilityVersion = "Xcode 3.2";
			developmentRegion = English;
			hasScannedForEncodings = 0;
			knownRegions = (
				en,
				Base,
			);
			mainGroup = 31C2B40F1A67633000D88AC6;
			productRefGroup = 31C2B4191A67633000D88AC6 /* Products */;
			projectDirPath = "";
			projectRoot = "";
			targets = (
				31C2B4171A67633000D88AC6 /* iOSgithub */,
				31C2B42F1A67633000D88AC6 /* iOSgithubTests */,
			);
		};
/* End PBXProject section */

/* Begin PBXResourcesBuildPhase section */
		31C2B4161A67633000D88AC6 /* Resources */ = {
			isa = PBXResourcesBuildPhase;
			buildActionMask = 2147483647;
			files = (
				31C2B4261A67633000D88AC6 /* Main.storyboard in Resources */,
				31C2B42B1A67633000D88AC6 /* LaunchScreen.xib in Resources */,
				31C2B4281A67633000D88AC6 /* Images.xcassets in Resources */,
			);
			runOnlyForDeploymentPostprocessing = 0;
		};
		31C2B42E1A67633000D88AC6 /* Resources */ = {
			isa = PBXResourcesBuildPhase;
			buildActionMask = 2147483647;
			files = (
			);
			runOnlyForDeploymentPostprocessing = 0;
		};
/* End PBXResourcesBuildPhase section */

/* Begin PBXSourcesBuildPhase section */
		31C2B4141A67633000D88AC6 /* Sources */ = {
			isa = PBXSourcesBuildPhase;
			buildActionMask = 2147483647;
			files = (
				31C2B4231A67633000D88AC6 /* ViewController.swift in Sources */,
				31C2B4211A67633000D88AC6 /* iOSgithub.xcdatamodeld in Sources */,
				31C2B41E1A67633000D88AC6 /* AppDelegate.swift in Sources */,
			);
			runOnlyForDeploymentPostprocessing = 0;
		};
		31C2B42C1A67633000D88AC6 /* Sources */ = {
			isa = PBXSourcesBuildPhase;
			buildActionMask = 2147483647;
			files = (
				31C2B4371A67633000D88AC6 /* iOSgithubTests.swift in Sources */,
			);
			runOnlyForDeploymentPostprocessing = 0;
		};
/* End PBXSourcesBuildPhase section */

/* Begin PBXTargetDependency section */
		31C2B4321A67633000D88AC6 /* PBXTargetDependency */ = {
			isa = PBXTargetDependency;
			target = 31C2B4171A67633000D88AC6 /* iOSgithub */;
			targetProxy = 31C2B4311A67633000D88AC6 /* PBXContainerItemProxy */;
		};
/* End PBXTargetDependency section */

/* Begin PBXVariantGroup section */
		31C2B4241A67633000D88AC6 /* Main.storyboard */ = {
			isa = PBXVariantGroup;
			children = (
				31C2B4251A67633000D88AC6 /* Base */,
			);
			name = Main.storyboard;
			sourceTree = "<group>";
		};
		31C2B4291A67633000D88AC6 /* LaunchScreen.xib */ = {
			isa = PBXVariantGroup;
			children = (
				31C2B42A1A67633000D88AC6 /* Base */,
			);
			name = LaunchScreen.xib;
			sourceTree = "<group>";
		};
/* End PBXVariantGroup section */

/* Begin XCBuildConfiguration section */
		31C2B4381A67633000D88AC6 /* Debug */ = {
			isa = XCBuildConfiguration;
			buildSettings = {
				ALWAYS_SEARCH_USER_PATHS = NO;
				CLANG_CXX_LANGUAGE_STANDARD = "gnu++0x";
				CLANG_CXX_LIBRARY = "libc++";
				CLANG_ENABLE_MODULES = YES;
				CLANG_ENABLE_OBJC_ARC = YES;
				CLANG_WARN_BOOL_CONVERSION = YES;
				CLANG_WARN_CONSTANT_CONVERSION = YES;
				CLANG_WARN_DIRECT_OBJC_ISA_USAGE = YES_ERROR;
				CLANG_WARN_EMPTY_BODY = YES;
				CLANG_WARN_ENUM_CONVERSION = YES;
				CLANG_WARN_INT_CONVERSION = YES;
				CLANG_WARN_OBJC_ROOT_CLASS = YES_ERROR;
				CLANG_WARN_UNREACHABLE_CODE = YES;
				CLANG_WARN__DUPLICATE_METHOD_MATCH = YES;
				"CODE_SIGN_IDENTITY[sdk=iphoneos*]" = "iPhone Developer";
				COPY_PHASE_STRIP = NO;
				ENABLE_STRICT_OBJC_MSGSEND = YES;
				GCC_C_LANGUAGE_STANDARD = gnu99;
				GCC_DYNAMIC_NO_PIC = NO;
				GCC_OPTIMIZATION_LEVEL = 0;
				GCC_PREPROCESSOR_DEFINITIONS = (
					"DEBUG=1",
					"$(inherited)",
				);
				GCC_SYMBOLS_PRIVATE_EXTERN = NO;
				GCC_WARN_64_TO_32_BIT_CONVERSION = YES;
				GCC_WARN_ABOUT_RETURN_TYPE = YES_ERROR;
				GCC_WARN_UNDECLARED_SELECTOR = YES;
				GCC_WARN_UNINITIALIZED_AUTOS = YES_AGGRESSIVE;
				GCC_WARN_UNUSED_FUNCTION = YES;
				GCC_WARN_UNUSED_VARIABLE = YES;
				IPHONEOS_DEPLOYMENT_TARGET = 8.1;
				MTL_ENABLE_DEBUG_INFO = YES;
				ONLY_ACTIVE_ARCH = YES;
				SDKROOT = iphoneos;
				SWIFT_OPTIMIZATION_LEVEL = "-Onone";
			};
			name = Debug;
		};
		31C2B4391A67633000D88AC6 /* Release */ = {
			isa = XCBuildConfiguration;
			buildSettings = {
				ALWAYS_SEARCH_USER_PATHS = NO;
				CLANG_CXX_LANGUAGE_STANDARD = "gnu++0x";
				CLANG_CXX_LIBRARY = "libc++";
				CLANG_ENABLE_MODULES = YES;
				CLANG_ENABLE_OBJC_ARC = YES;
				CLANG_WARN_BOOL_CONVERSION = YES;
				CLANG_WARN_CONSTANT_CONVERSION = YES;
				CLANG_WARN_DIRECT_OBJC_ISA_USAGE = YES_ERROR;
				CLANG_WARN_EMPTY_BODY = YES;
				CLANG_WARN_ENUM_CONVERSION = YES;
				CLANG_WARN_INT_CONVERSION = YES;
				CLANG_WARN_OBJC_ROOT_CLASS = YES_ERROR;
				CLANG_WARN_UNREACHABLE_CODE = YES;
				CLANG_WARN__DUPLICATE_METHOD_MATCH = YES;
				"CODE_SIGN_IDENTITY[sdk=iphoneos*]" = "iPhone Developer";
				COPY_PHASE_STRIP = YES;
				ENABLE_NS_ASSERTIONS = NO;
				ENABLE_STRICT_OBJC_MSGSEND = YES;
				GCC_C_LANGUAGE_STANDARD = gnu99;
				GCC_WARN_64_TO_32_BIT_CONVERSION = YES;
				GCC_WARN_ABOUT_RETURN_TYPE = YES_ERROR;
				GCC_WARN_UNDECLARED_SELECTOR = YES;
				GCC_WARN_UNINITIALIZED_AUTOS = YES_AGGRESSIVE;
				GCC_WARN_UNUSED_FUNCTION = YES;
				GCC_WARN_UNUSED_VARIABLE = YES;
				IPHONEOS_DEPLOYMENT_TARGET = 8.1;
				MTL_ENABLE_DEBUG_INFO = NO;
				SDKROOT = iphoneos;
				VALIDATE_PRODUCT = YES;
			};
			name = Release;
		};
		31C2B43B1A67633000D88AC6 /* Debug */ = {
			isa = XCBuildConfiguration;
			buildSettings = {
				ASSETCATALOG_COMPILER_APPICON_NAME = AppIcon;
				INFOPLIST_FILE = iOSgithub/Info.plist;
				LD_RUNPATH_SEARCH_PATHS = "$(inherited) @executable_path/Frameworks";
				PRODUCT_NAME = "$(TARGET_NAME)";
			};
			name = Debug;
		};
		31C2B43C1A67633000D88AC6 /* Release */ = {
			isa = XCBuildConfiguration;
			buildSettings = {
				ASSETCATALOG_COMPILER_APPICON_NAME = AppIcon;
				INFOPLIST_FILE = iOSgithub/Info.plist;
				LD_RUNPATH_SEARCH_PATHS = "$(inherited) @executable_path/Frameworks";
				PRODUCT_NAME = "$(TARGET_NAME)";
			};
			name = Release;
		};
		31C2B43E1A67633000D88AC6 /* Debug */ = {
			isa = XCBuildConfiguration;
			buildSettings = {
				BUNDLE_LOADER = "$(TEST_HOST)";
				FRAMEWORK_SEARCH_PATHS = (
					"$(SDKROOT)/Developer/Library/Frameworks",
					"$(inherited)",
				);
				GCC_PREPROCESSOR_DEFINITIONS = (
					"DEBUG=1",
					"$(inherited)",
				);
				INFOPLIST_FILE = iOSgithubTests/Info.plist;
				LD_RUNPATH_SEARCH_PATHS = "$(inherited) @executable_path/Frameworks @loader_path/Frameworks";
				PRODUCT_NAME = "$(TARGET_NAME)";
				TEST_HOST = "$(BUILT_PRODUCTS_DIR)/iOSgithub.app/iOSgithub";
			};
			name = Debug;
		};
		31C2B43F1A67633000D88AC6 /* Release */ = {
			isa = XCBuildConfiguration;
			buildSettings = {
				BUNDLE_LOADER = "$(TEST_HOST)";
				FRAMEWORK_SEARCH_PATHS = (
					"$(SDKROOT)/Developer/Library/Frameworks",
					"$(inherited)",
				);
				INFOPLIST_FILE = iOSgithubTests/Info.plist;
				LD_RUNPATH_SEARCH_PATHS = "$(inherited) @executable_path/Frameworks @loader_path/Frameworks";
				PRODUCT_NAME = "$(TARGET_NAME)";
				TEST_HOST = "$(BUILT_PRODUCTS_DIR)/iOSgithub.app/iOSgithub";
			};
			name = Release;
		};
/* End XCBuildConfiguration section */

/* Begin XCConfigurationList section */
		31C2B4131A67633000D88AC6 /* Build configuration list for PBXProject "iOSgithub" */ = {
			isa = XCConfigurationList;
			buildConfigurations = (
				31C2B4381A67633000D88AC6 /* Debug */,
				31C2B4391A67633000D88AC6 /* Release */,
			);
			defaultConfigurationIsVisible = 0;
			defaultConfigurationName = Release;
		};
		31C2B43A1A67633000D88AC6 /* Build configuration list for PBXNativeTarget "iOSgithub" */ = {
			isa = XCConfigurationList;
			buildConfigurations = (
				31C2B43B1A67633000D88AC6 /* Debug */,
				31C2B43C1A67633000D88AC6 /* Release */,
			);
			defaultConfigurationIsVisible = 0;
		};
		31C2B43D1A67633000D88AC6 /* Build configuration list for PBXNativeTarget "iOSgithubTests" */ = {
			isa = XCConfigurationList;
			buildConfigurations = (
				31C2B43E1A67633000D88AC6 /* Debug */,
				31C2B43F1A67633000D88AC6 /* Release */,
			);
			defaultConfigurationIsVisible = 0;
		};
/* End XCConfigurationList section */

/* Begin XCVersionGroup section */
		31C2B41F1A67633000D88AC6 /* iOSgithub.xcdatamodeld */ = {
			isa = XCVersionGroup;
			children = (
				31C2B4201A67633000D88AC6 /* iOSgithub.xcdatamodel */,
			);
			currentVersion = 31C2B4201A67633000D88AC6 /* iOSgithub.xcdatamodel */;
			path = iOSgithub.xcdatamodeld;
			sourceTree = "<group>";
			versionGroupType = wrapper.xcdatamodel;
		};
/* End XCVersionGroup section */
	};
	rootObject = 31C2B4101A67633000D88AC6 /* Project object */;
}
